
Microsoft Visual Studio Solution File, Format Version 12.00
# Visual Studio Version 17
VisualStudioVersion = 17.8.34330.188
MinimumVisualStudioVersion = 10.0.40219.1
Project("{FAE04EC0-301F-11D3-BF4B-00C04F79EFBC}") = "Configurator", "Configurator\Configurator.csproj", "{51299B70-F58E-4587-8E79-D1692CE62408}"
EndProject
Global
	GlobalSection(SolutionConfigurationPlatforms) = preSolution
		Debug|Any CPU = Debug|Any CPU
		Release|Any CPU = Release|Any CPU
	EndGlobalSection
	GlobalSection(ProjectConfigurationPlatforms) = postSolution
		{51299B70-F58E-4587-8E79-D1692CE62408}.Debug|Any CPU.ActiveCfg = Debug|Any CPU
		{51299B70-F58E-4587-8E79-D1692CE62408}.Debug|Any CPU.Build.0 = Debug|Any CPU
		{51299B70-F58E-4587-8E79-D1692CE62408}.Release|Any CPU.ActiveCfg = Release|Any CPU
		{51299B70-F58E-4587-8E79-D1692CE62408}.Release|Any CPU.Build.0 = Release|Any CPU
	EndGlobalSection
	GlobalSection(SolutionProperties) = preSolution
		HideSolutionNode = FALSE
	EndGlobalSection
	GlobalSection(ExtensibilityGlobals) = postSolution
		SolutionGuid = {8CCEC0E5-7C81-4B7A-BE9F-E345FAF84166}
	EndGlobalSection
EndGlobal
